{
  "version": "2",
  "remote": {
    "https://esm.sh/preact@10.13.2/compat/jsx-runtime": "cd2ac8b136b917d804161f394f0838e5b1643cd9a1f4ba7edc52e50caaa419d2",
    "https://esm.sh/stable/preact@10.13.2/deno/compat.js": "3151a948abd84aa75dfc9e57733da7e1a45fff7a25de58c7b6025b923874b508",
    "https://esm.sh/stable/preact@10.13.2/deno/compat/jsx-runtime.js": "e042cc9c6a59023f70840c4e6f9854fce0486241583e0e471c67d2b6cecf849f",
    "https://esm.sh/stable/preact@10.13.2/deno/hooks.js": "c7a8e703bcbc6a05949f329b618c33d5d1ea5fee113ddcea44ff0f527af8556f",
    "https://esm.sh/stable/preact@10.13.2/deno/jsx-runtime.js": "dd40c5bdfe7b277bf51009fb950c550dfb554b6d56a1b3a4cb9bc12bde84bcd1",
    "https://esm.sh/stable/preact@10.13.2/deno/preact.mjs": "365fab897381f4f403f859c5d12939084560545567108cc90dae901bbe892578"
  }
}
